// !$*UTF8*$!
{
	archiveVersion = 1;
	classes = {
	};
	objectVersion = 50;
	objects = {

/* Begin PBXBuildFile section */
		524F98342563084E0026ECFC /* _winApp.swift in Sources */ = {isa = PBXBuildFile; fileRef = 524F98332563084E0026ECFC /* _winApp.swift */; };
		524F98362563084E0026ECFC /* ContentView.swift in Sources */ = {isa = PBXBuildFile; fileRef = 524F98352563084E0026ECFC /* ContentView.swift */; };
		524F98382563084F0026ECFC /* Assets.xcassets in Resources */ = {isa = PBXBuildFile; fileRef = 524F98372563084F0026ECFC /* Assets.xcassets */; };
		524F983B2563084F0026ECFC /* Preview Assets.xcassets in Resources */ = {isa = PBXBuildFile; fileRef = 524F983A2563084F0026ECFC /* Preview Assets.xcassets */; };
		524F983D2563084F0026ECFC /* Persistence.swift in Sources */ = {isa = PBXBuildFile; fileRef = 524F983C2563084F0026ECFC /* Persistence.swift */; };
		524F98402563084F0026ECFC /* _win.xcdatamodeld in Sources */ = {isa = PBXBuildFile; fileRef = 524F983E2563084F0026ECFC /* _win.xcdatamodeld */; };
		524F984B256308500026ECFC /* _winTests.swift in Sources */ = {isa = PBXBuildFile; fileRef = 524F984A256308500026ECFC /* _winTests.swift */; };
		524F9856256308500026ECFC /* _winUITests.swift in Sources */ = {isa = PBXBuildFile; fileRef = 524F9855256308500026ECFC /* _winUITests.swift */; };
/* End PBXBuildFile section */

/* Begin PBXContainerItemProxy section */
		524F9847256308500026ECFC /* PBXContainerItemProxy */ = {
			isa = PBXContainerItemProxy;
			containerPortal = 524F98282563084E0026ECFC /* Project object */;
			proxyType = 1;
			remoteGlobalIDString = 524F982F2563084E0026ECFC;
			remoteInfo = "#win";
		};
		524F9852256308500026ECFC /* PBXContainerItemProxy */ = {
			isa = PBXContainerItemProxy;
			containerPortal = 524F98282563084E0026ECFC /* Project object */;
			proxyType = 1;
			remoteGlobalIDString = 524F982F2563084E0026ECFC;
			remoteInfo = "#win";
		};
/* End PBXContainerItemProxy section */

/* Begin PBXFileReference section */
		524F98302563084E0026ECFC /* #win.app */ = {isa = PBXFileReference; explicitFileType = wrapper.application; includeInIndex = 0; path = "#win.app"; sourceTree = BUILT_PRODUCTS_DIR; };
		524F98332563084E0026ECFC /* _winApp.swift */ = {isa = PBXFileReference; lastKnownFileType = sourcecode.swift; path = _winApp.swift; sourceTree = "<group>"; };
		524F98352563084E0026ECFC /* ContentView.swift */ = {isa = PBXFileReference; lastKnownFileType = sourcecode.swift; path = ContentView.swift; sourceTree = "<group>"; };
		524F98372563084F0026ECFC /* Assets.xcassets */ = {isa = PBXFileReference; lastKnownFileType = folder.assetcatalog; path = Assets.xcassets; sourceTree = "<group>"; };
		524F983A2563084F0026ECFC /* Preview Assets.xcassets */ = {isa = PBXFileReference; lastKnownFileType = folder.assetcatalog; path = "Preview Assets.xcassets"; sourceTree = "<group>"; };
		524F983C2563084F0026ECFC /* Persistence.swift */ = {isa = PBXFileReference; lastKnownFileType = sourcecode.swift; path = Persistence.swift; sourceTree = "<group>"; };
		524F983F2563084F0026ECFC /* _win.xcdatamodel */ = {isa = PBXFileReference; lastKnownFileType = wrapper.xcdatamodel; path = _win.xcdatamodel; sourceTree = "<group>"; };
		524F98412563084F0026ECFC /* Info.plist */ = {isa = PBXFileReference; lastKnownFileType = text.plist.xml; path = Info.plist; sourceTree = "<group>"; };
		524F9846256308500026ECFC /* #winTests.xctest */ = {isa = PBXFileReference; explicitFileType = wrapper.cfbundle; includeInIndex = 0; path = "#winTests.xctest"; sourceTree = BUILT_PRODUCTS_DIR; };
		524F984A256308500026ECFC /* _winTests.swift */ = {isa = PBXFileReference; lastKnownFileType = sourcecode.swift; path = _winTests.swift; sourceTree = "<group>"; };
		524F984C256308500026ECFC /* Info.plist */ = {isa = PBXFileReference; lastKnownFileType = text.plist.xml; path = Info.plist; sourceTree = "<group>"; };
		524F9851256308500026ECFC /* #winUITests.xctest */ = {isa = PBXFileReference; explicitFileType = wrapper.cfbundle; includeInIndex = 0; path = "#winUITests.xctest"; sourceTree = BUILT_PRODUCTS_DIR; };
		524F9855256308500026ECFC /* _winUITests.swift */ = {isa = PBXFileReference; lastKnownFileType = sourcecode.swift; path = _winUITests.swift; sourceTree = "<group>"; };
		524F9857256308500026ECFC /* Info.plist */ = {isa = PBXFileReference; lastKnownFileType = text.plist.xml; path = Info.plist; sourceTree = "<group>"; };
/* End PBXFileReference section */

/* Begin PBXFrameworksBuildPhase section */
		524F982D2563084E0026ECFC /* Frameworks */ = {
			isa = PBXFrameworksBuildPhase;
			buildActionMask = 2147483647;
			files = (
			);
			runOnlyForDeploymentPostprocessing = 0;
		};
		524F9843256308500026ECFC /* Frameworks */ = {
			isa = PBXFrameworksBuildPhase;
			buildActionMask = 2147483647;
			files = (
			);
			runOnlyForDeploymentPostprocessing = 0;
		};
		524F984E256308500026ECFC /* Frameworks */ = {
			isa = PBXFrameworksBuildPhase;
			buildActionMask = 2147483647;
			files = (
			);
			runOnlyForDeploymentPostprocessing = 0;
		};
/* End PBXFrameworksBuildPhase section */

/* Begin PBXGroup section */
		524F98272563084E0026ECFC = {
			isa = PBXGroup;
			children = (
				524F98322563084E0026ECFC /* #win */,
				524F9849256308500026ECFC /* #winTests */,
				524F9854256308500026ECFC /* #winUITests */,
				524F98312563084E0026ECFC /* Products */,
			);
			sourceTree = "<group>";
		};
		524F98312563084E0026ECFC /* Products */ = {
			isa = PBXGroup;
			children = (
				524F98302563084E0026ECFC /* #win.app */,
				524F9846256308500026ECFC /* #winTests.xctest */,
				524F9851256308500026ECFC /* #winUITests.xctest */,
			);
			name = Products;
			sourceTree = "<group>";
		};
		524F98322563084E0026ECFC /* #win */ = {
			isa = PBXGroup;
			children = (
				524F98332563084E0026ECFC /* _winApp.swift */,
				524F98352563084E0026ECFC /* ContentView.swift */,
				524F98372563084F0026ECFC /* Assets.xcassets */,
				524F983C2563084F0026ECFC /* Persistence.swift */,
				524F98412563084F0026ECFC /* Info.plist */,
				524F983E2563084F0026ECFC /* _win.xcdatamodeld */,
				524F98392563084F0026ECFC /* Preview Content */,
			);
			path = "#win";
			sourceTree = "<group>";
		};
		524F98392563084F0026ECFC /* Preview Content */ = {
			isa = PBXGroup;
			children = (
				524F983A2563084F0026ECFC /* Preview Assets.xcassets */,
			);
			path = "Preview Content";
			sourceTree = "<group>";
		};
		524F9849256308500026ECFC /* #winTests */ = {
			isa = PBXGroup;
			children = (
				524F984A256308500026ECFC /* _winTests.swift */,
				524F984C256308500026ECFC /* Info.plist */,
			);
			path = "#winTests";
			sourceTree = "<group>";
		};
		524F9854256308500026ECFC /* #winUITests */ = {
			isa = PBXGroup;
			children = (
				524F9855256308500026ECFC /* _winUITests.swift */,
				524F9857256308500026ECFC /* Info.plist */,
			);
			path = "#winUITests";
			sourceTree = "<group>";
		};
/* End PBXGroup section */

/* Begin PBXNativeTarget section */
		524F982F2563084E0026ECFC /* #win */ = {
			isa = PBXNativeTarget;
			buildConfigurationList = 524F985A256308500026ECFC /* Build configuration list for PBXNativeTarget "#win" */;
			buildPhases = (
				524F982C2563084E0026ECFC /* Sources */,
				524F982D2563084E0026ECFC /* Frameworks */,
				524F982E2563084E0026ECFC /* Resources */,
			);
			buildRules = (
			);
			dependencies = (
			);
			name = "#win";
			productName = "#win";
			productReference = 524F98302563084E0026ECFC /* #win.app */;
			productType = "com.apple.product-type.application";
		};
		524F9845256308500026ECFC /* #winTests */ = {
			isa = PBXNativeTarget;
			buildConfigurationList = 524F985D256308500026ECFC /* Build configuration list for PBXNativeTarget "#winTests" */;
			buildPhases = (
				524F9842256308500026ECFC /* Sources */,
				524F9843256308500026ECFC /* Frameworks */,
				524F9844256308500026ECFC /* Resources */,
			);
			buildRules = (
			);
			dependencies = (
				524F9848256308500026ECFC /* PBXTargetDependency */,
			);
			name = "#winTests";
			productName = "#winTests";
			productReference = 524F9846256308500026ECFC /* #winTests.xctest */;
			productType = "com.apple.product-type.bundle.unit-test";
		};
		524F9850256308500026ECFC /* #winUITests */ = {
			isa = PBXNativeTarget;
			buildConfigurationList = 524F9860256308500026ECFC /* Build configuration list for PBXNativeTarget "#winUITests" */;
			buildPhases = (
				524F984D256308500026ECFC /* Sources */,
				524F984E256308500026ECFC /* Frameworks */,
				524F984F256308500026ECFC /* Resources */,
			);
			buildRules = (
			);
			dependencies = (
				524F9853256308500026ECFC /* PBXTargetDependency */,
			);
			name = "#winUITests";
			productName = "#winUITests";
			productReference = 524F9851256308500026ECFC /* #winUITests.xctest */;
			productType = "com.apple.product-type.bundle.ui-testing";
		};
/* End PBXNativeTarget section */

/* Begin PBXProject section */
		524F98282563084E0026ECFC /* Project object */ = {
			isa = PBXProject;
			attributes = {
				LastSwiftUpdateCheck = 1220;
				LastUpgradeCheck = 1220;
				TargetAttributes = {
					524F982F2563084E0026ECFC = {
						CreatedOnToolsVersion = 12.2;
					};
					524F9845256308500026ECFC = {
						CreatedOnToolsVersion = 12.2;
						TestTargetID = 524F982F2563084E0026ECFC;
					};
					524F9850256308500026ECFC = {
						CreatedOnToolsVersion = 12.2;
						TestTargetID = 524F982F2563084E0026ECFC;
					};
				};
			};
			buildConfigurationList = 524F982B2563084E0026ECFC /* Build configuration list for PBXProject "#win" */;
			compatibilityVersion = "Xcode 9.3";
			developmentRegion = en;
			hasScannedForEncodings = 0;
			knownRegions = (
				en,
				Base,
			);
			mainGroup = 524F98272563084E0026ECFC;
			productRefGroup = 524F98312563084E0026ECFC /* Products */;
			projectDirPath = "";
			projectRoot = "";
			targets = (
				524F982F2563084E0026ECFC /* #win */,
				524F9845256308500026ECFC /* #winTests */,
				524F9850256308500026ECFC /* #winUITests */,
			);
		};
/* End PBXProject section */

/* Begin PBXResourcesBuildPhase section */
		524F982E2563084E0026ECFC /* Resources */ = {
			isa = PBXResourcesBuildPhase;
			buildActionMask = 2147483647;
			files = (
				524F983B2563084F0026ECFC /* Preview Assets.xcassets in Resources */,
				524F98382563084F0026ECFC /* Assets.xcassets in Resources */,
			);
			runOnlyForDeploymentPostprocessing = 0;
		};
		524F9844256308500026ECFC /* Resources */ = {
			isa = PBXResourcesBuildPhase;
			buildActionMask = 2147483647;
			files = (
			);
			runOnlyForDeploymentPostprocessing = 0;
		};
		524F984F256308500026ECFC /* Resources */ = {
			isa = PBXResourcesBuildPhase;
			buildActionMask = 2147483647;
			files = (
			);
			runOnlyForDeploymentPostprocessing = 0;
		};
/* End PBXResourcesBuildPhase section */

/* Begin PBXSourcesBuildPhase section */
		524F982C2563084E0026ECFC /* Sources */ = {
			isa = PBXSourcesBuildPhase;
			buildActionMask = 2147483647;
			files = (
				524F983D2563084F0026ECFC /* Persistence.swift in Sources */,
				524F98362563084E0026ECFC /* ContentView.swift in Sources */,
				524F98402563084F0026ECFC /* _win.xcdatamodeld in Sources */,
				524F98342563084E0026ECFC /* _winApp.swift in Sources */,
			);
			runOnlyForDeploymentPostprocessing = 0;
		};
		524F9842256308500026ECFC /* Sources */ = {
			isa = PBXSourcesBuildPhase;
			buildActionMask = 2147483647;
			files = (
				524F984B256308500026ECFC /* _winTests.swift in Sources */,
			);
			runOnlyForDeploymentPostprocessing = 0;
		};
		524F984D256308500026ECFC /* Sources */ = {
			isa = PBXSourcesBuildPhase;
			buildActionMask = 2147483647;
			files = (
				524F9856256308500026ECFC /* _winUITests.swift in Sources */,
			);
			runOnlyForDeploymentPostprocessing = 0;
		};
/* End PBXSourcesBuildPhase section */

/* Begin PBXTargetDependency section */
		524F9848256308500026ECFC /* PBXTargetDependency */ = {
			isa = PBXTargetDependency;
			target = 524F982F2563084E0026ECFC /* #win */;
			targetProxy = 524F9847256308500026ECFC /* PBXContainerItemProxy */;
		};
		524F9853256308500026ECFC /* PBXTargetDependency */ = {
			isa = PBXTargetDependency;
			target = 524F982F2563084E0026ECFC /* #win */;
			targetProxy = 524F9852256308500026ECFC /* PBXContainerItemProxy */;
		};
/* End PBXTargetDependency section */

/* Begin XCBuildConfiguration section */
		524F9858256308500026ECFC /* Debug */ = {
			isa = XCBuildConfiguration;
			buildSettings = {
				ALWAYS_SEARCH_USER_PATHS = NO;
				CLANG_ANALYZER_NONNULL = YES;
				CLANG_ANALYZER_NUMBER_OBJECT_CONVERSION = YES_AGGRESSIVE;
				CLANG_CXX_LANGUAGE_STANDARD = "gnu++14";
				CLANG_CXX_LIBRARY = "libc++";
				CLANG_ENABLE_MODULES = YES;
				CLANG_ENABLE_OBJC_ARC = YES;
				CLANG_ENABLE_OBJC_WEAK = YES;
				CLANG_WARN_BLOCK_CAPTURE_AUTORELEASING = YES;
				CLANG_WARN_BOOL_CONVERSION = YES;
				CLANG_WARN_COMMA = YES;
				CLANG_WARN_CONSTANT_CONVERSION = YES;
				CLANG_WARN_DEPRECATED_OBJC_IMPLEMENTATIONS = YES;
				CLANG_WARN_DIRECT_OBJC_ISA_USAGE = YES_ERROR;
				CLANG_WARN_DOCUMENTATION_COMMENTS = YES;
				CLANG_WARN_EMPTY_BODY = YES;
				CLANG_WARN_ENUM_CONVERSION = YES;
				CLANG_WARN_INFINITE_RECURSION = YES;
				CLANG_WARN_INT_CONVERSION = YES;
				CLANG_WARN_NON_LITERAL_NULL_CONVERSION = YES;
				CLANG_WARN_OBJC_IMPLICIT_RETAIN_SELF = YES;
				CLANG_WARN_OBJC_LITERAL_CONVERSION = YES;
				CLANG_WARN_OBJC_ROOT_CLASS = YES_ERROR;
				CLANG_WARN_QUOTED_INCLUDE_IN_FRAMEWORK_HEADER = YES;
				CLANG_WARN_RANGE_LOOP_ANALYSIS = YES;
				CLANG_WARN_STRICT_PROTOTYPES = YES;
				CLANG_WARN_SUSPICIOUS_MOVE = YES;
				CLANG_WARN_UNGUARDED_AVAILABILITY = YES_AGGRESSIVE;
				CLANG_WARN_UNREACHABLE_CODE = YES;
				CLANG_WARN__DUPLICATE_METHOD_MATCH = YES;
				COPY_PHASE_STRIP = NO;
				DEBUG_INFORMATION_FORMAT = dwarf;
				ENABLE_STRICT_OBJC_MSGSEND = YES;
				ENABLE_TESTABILITY = YES;
				GCC_C_LANGUAGE_STANDARD = gnu11;
				GCC_DYNAMIC_NO_PIC = NO;
				GCC_NO_COMMON_BLOCKS = YES;
				GCC_OPTIMIZATION_LEVEL = 0;
				GCC_PREPROCESSOR_DEFINITIONS = (
					"DEBUG=1",
					"$(inherited)",
				);
				GCC_WARN_64_TO_32_BIT_CONVERSION = YES;
				GCC_WARN_ABOUT_RETURN_TYPE = YES_ERROR;
				GCC_WARN_UNDECLARED_SELECTOR = YES;
				GCC_WARN_UNINITIALIZED_AUTOS = YES_AGGRESSIVE;
				GCC_WARN_UNUSED_FUNCTION = YES;
				GCC_WARN_UNUSED_VARIABLE = YES;
				IPHONEOS_DEPLOYMENT_TARGET = 14.2;
				MTL_ENABLE_DEBUG_INFO = INCLUDE_SOURCE;
				MTL_FAST_MATH = YES;
				ONLY_ACTIVE_ARCH = YES;
				SDKROOT = iphoneos;
				SWIFT_ACTIVE_COMPILATION_CONDITIONS = DEBUG;
				SWIFT_OPTIMIZATION_LEVEL = "-Onone";
			};
			name = Debug;
		};
		524F9859256308500026ECFC /* Release */ = {
			isa = XCBuildConfiguration;
			buildSettings = {
				ALWAYS_SEARCH_USER_PATHS = NO;
				CLANG_ANALYZER_NONNULL = YES;
				CLANG_ANALYZER_NUMBER_OBJECT_CONVERSION = YES_AGGRESSIVE;
				CLANG_CXX_LANGUAGE_STANDARD = "gnu++14";
				CLANG_CXX_LIBRARY = "libc++";
				CLANG_ENABLE_MODULES = YES;
				CLANG_ENABLE_OBJC_ARC = YES;
				CLANG_ENABLE_OBJC_WEAK = YES;
				CLANG_WARN_BLOCK_CAPTURE_AUTORELEASING = YES;
				CLANG_WARN_BOOL_CONVERSION = YES;
				CLANG_WARN_COMMA = YES;
				CLANG_WARN_CONSTANT_CONVERSION = YES;
				CLANG_WARN_DEPRECATED_OBJC_IMPLEMENTATIONS = YES;
				CLANG_WARN_DIRECT_OBJC_ISA_USAGE = YES_ERROR;
				CLANG_WARN_DOCUMENTATION_COMMENTS = YES;
				CLANG_WARN_EMPTY_BODY = YES;
				CLANG_WARN_ENUM_CONVERSION = YES;
				CLANG_WARN_INFINITE_RECURSION = YES;
				CLANG_WARN_INT_CONVERSION = YES;
				CLANG_WARN_NON_LITERAL_NULL_CONVERSION = YES;
				CLANG_WARN_OBJC_IMPLICIT_RETAIN_SELF = YES;
				CLANG_WARN_OBJC_LITERAL_CONVERSION = YES;
				CLANG_WARN_OBJC_ROOT_CLASS = YES_ERROR;
				CLANG_WARN_QUOTED_INCLUDE_IN_FRAMEWORK_HEADER = YES;
				CLANG_WARN_RANGE_LOOP_ANALYSIS = YES;
				CLANG_WARN_STRICT_PROTOTYPES = YES;
				CLANG_WARN_SUSPICIOUS_MOVE = YES;
				CLANG_WARN_UNGUARDED_AVAILABILITY = YES_AGGRESSIVE;
				CLANG_WARN_UNREACHABLE_CODE = YES;
				CLANG_WARN__DUPLICATE_METHOD_MATCH = YES;
				COPY_PHASE_STRIP = NO;
				DEBUG_INFORMATION_FORMAT = "dwarf-with-dsym";
				ENABLE_NS_ASSERTIONS = NO;
				ENABLE_STRICT_OBJC_MSGSEND = YES;
				GCC_C_LANGUAGE_STANDARD = gnu11;
				GCC_NO_COMMON_BLOCKS = YES;
				GCC_WARN_64_TO_32_BIT_CONVERSION = YES;
				GCC_WARN_ABOUT_RETURN_TYPE = YES_ERROR;
				GCC_WARN_UNDECLARED_SELECTOR = YES;
				GCC_WARN_UNINITIALIZED_AUTOS = YES_AGGRESSIVE;
				GCC_WARN_UNUSED_FUNCTION = YES;
				GCC_WARN_UNUSED_VARIABLE = YES;
				IPHONEOS_DEPLOYMENT_TARGET = 14.2;
				MTL_ENABLE_DEBUG_INFO = NO;
				MTL_FAST_MATH = YES;
				SDKROOT = iphoneos;
				SWIFT_COMPILATION_MODE = wholemodule;
				SWIFT_OPTIMIZATION_LEVEL = "-O";
				VALIDATE_PRODUCT = YES;
			};
			name = Release;
		};
		524F985B256308500026ECFC /* Debug */ = {
			isa = XCBuildConfiguration;
			buildSettings = {
				ASSETCATALOG_COMPILER_APPICON_NAME = AppIcon;
				ASSETCATALOG_COMPILER_GLOBAL_ACCENT_COLOR_NAME = AccentColor;
				CODE_SIGN_STYLE = Automatic;
				DEVELOPMENT_ASSET_PATHS = "\"#win/Preview Content\"";
				ENABLE_PREVIEWS = YES;
				INFOPLIST_FILE = "#win/Info.plist";
				IPHONEOS_DEPLOYMENT_TARGET = 14.0;
				LD_RUNPATH_SEARCH_PATHS = (
					"$(inherited)",
					"@executable_path/Frameworks",
				);
				PRODUCT_BUNDLE_IDENTIFIER = "dcapp.-win";
				PRODUCT_NAME = "$(TARGET_NAME)";
				SWIFT_VERSION = 5.0;
				TARGETED_DEVICE_FAMILY = "1,2";
			};
			name = Debug;
		};
		524F985C256308500026ECFC /* Release */ = {
			isa = XCBuildConfiguration;
			buildSettings = {
				ASSETCATALOG_COMPILER_APPICON_NAME = AppIcon;
				ASSETCATALOG_COMPILER_GLOBAL_ACCENT_COLOR_NAME = AccentColor;
				CODE_SIGN_STYLE = Automatic;
				DEVELOPMENT_ASSET_PATHS = "\"#win/Preview Content\"";
				ENABLE_PREVIEWS = YES;
				INFOPLIST_FILE = "#win/Info.plist";
				IPHONEOS_DEPLOYMENT_TARGET = 14.0;
				LD_RUNPATH_SEARCH_PATHS = (
					"$(inherited)",
					"@executable_path/Frameworks",
				);
				PRODUCT_BUNDLE_IDENTIFIER = "dcapp.-win";
				PRODUCT_NAME = "$(TARGET_NAME)";
				SWIFT_VERSION = 5.0;
				TARGETED_DEVICE_FAMILY = "1,2";
			};
			name = Release;
		};
		524F985E256308500026ECFC /* Debug */ = {
			isa = XCBuildConfiguration;
			buildSettings = {
				ALWAYS_EMBED_SWIFT_STANDARD_LIBRARIES = YES;
				BUNDLE_LOADER = "$(TEST_HOST)";
				CODE_SIGN_STYLE = Automatic;
				INFOPLIST_FILE = "#winTests/Info.plist";
				IPHONEOS_DEPLOYMENT_TARGET = 14.0;
				LD_RUNPATH_SEARCH_PATHS = (
					"$(inherited)",
					"@executable_path/Frameworks",
					"@loader_path/Frameworks",
				);
				PRODUCT_BUNDLE_IDENTIFIER = "dcapp.-winTests";
				PRODUCT_NAME = "$(TARGET_NAME)";
				SWIFT_VERSION = 5.0;
				TARGETED_DEVICE_FAMILY = "1,2";
				TEST_HOST = "$(BUILT_PRODUCTS_DIR)/#win.app/#win";
			};
			name = Debug;
		};
		524F985F256308500026ECFC /* Release */ = {
			isa = XCBuildConfiguration;
			buildSettings = {
				ALWAYS_EMBED_SWIFT_STANDARD_LIBRARIES = YES;
				BUNDLE_LOADER = "$(TEST_HOST)";
				CODE_SIGN_STYLE = Automatic;
				INFOPLIST_FILE = "#winTests/Info.plist";
				IPHONEOS_DEPLOYMENT_TARGET = 14.0;
				LD_RUNPATH_SEARCH_PATHS = (
					"$(inherited)",
					"@executable_path/Frameworks",
					"@loader_path/Frameworks",
				);
				PRODUCT_BUNDLE_IDENTIFIER = "dcapp.-winTests";
				PRODUCT_NAME = "$(TARGET_NAME)";
				SWIFT_VERSION = 5.0;
				TARGETED_DEVICE_FAMILY = "1,2";
				TEST_HOST = "$(BUILT_PRODUCTS_DIR)/#win.app/#win";
			};
			name = Release;
		};
		524F9861256308500026ECFC /* Debug */ = {
			isa = XCBuildConfiguration;
			buildSettings = {
				ALWAYS_EMBED_SWIFT_STANDARD_LIBRARIES = YES;
				CODE_SIGN_STYLE = Automatic;
				INFOPLIST_FILE = "#winUITests/Info.plist";
				LD_RUNPATH_SEARCH_PATHS = (
					"$(inherited)",
					"@executable_path/Frameworks",
					"@loader_path/Frameworks",
				);
				PRODUCT_BUNDLE_IDENTIFIER = "dcapp.-winUITests";
				PRODUCT_NAME = "$(TARGET_NAME)";
				SWIFT_VERSION = 5.0;
				TARGETED_DEVICE_FAMILY = "1,2";
				TEST_TARGET_NAME = "#win";
			};
			name = Debug;
		};
		524F9862256308500026ECFC /* Release */ = {
			isa = XCBuildConfiguration;
			buildSettings = {
				ALWAYS_EMBED_SWIFT_STANDARD_LIBRARIES = YES;
				CODE_SIGN_STYLE = Automatic;
				INFOPLIST_FILE = "#winUITests/Info.plist";
				LD_RUNPATH_SEARCH_PATHS = (
					"$(inherited)",
					"@executable_path/Frameworks",
					"@loader_path/Frameworks",
				);
				PRODUCT_BUNDLE_IDENTIFIER = "dcapp.-winUITests";
				PRODUCT_NAME = "$(TARGET_NAME)";
				SWIFT_VERSION = 5.0;
				TARGETED_DEVICE_FAMILY = "1,2";
				TEST_TARGET_NAME = "#win";
			};
			name = Release;
		};
/* End XCBuildConfiguration section */

/* Begin XCConfigurationList section */
		524F982B2563084E0026ECFC /* Build configuration list for PBXProject "#win" */ = {
			isa = XCConfigurationList;
			buildConfigurations = (
				524F9858256308500026ECFC /* Debug */,
				524F9859256308500026ECFC /* Release */,
			);
			defaultConfigurationIsVisible = 0;
			defaultConfigurationName = Release;
		};
		524F985A256308500026ECFC /* Build configuration list for PBXNativeTarget "#win" */ = {
			isa = XCConfigurationList;
			buildConfigurations = (
				524F985B256308500026ECFC /* Debug */,
				524F985C256308500026ECFC /* Release */,
			);
			defaultConfigurationIsVisible = 0;
			defaultConfigurationName = Release;
		};
		524F985D256308500026ECFC /* Build configuration list for PBXNativeTarget "#winTests" */ = {
			isa = XCConfigurationList;
			buildConfigurations = (
				524F985E256308500026ECFC /* Debug */,
				524F985F256308500026ECFC /* Release */,
			);
			defaultConfigurationIsVisible = 0;
			defaultConfigurationName = Release;
		};
		524F9860256308500026ECFC /* Build configuration list for PBXNativeTarget "#winUITests" */ = {
			isa = XCConfigurationList;
			buildConfigurations = (
				524F9861256308500026ECFC /* Debug */,
				524F9862256308500026ECFC /* Release */,
			);
			defaultConfigurationIsVisible = 0;
			defaultConfigurationName = Release;
		};
/* End XCConfigurationList section */

/* Begin XCVersionGroup section */
		524F983E2563084F0026ECFC /* _win.xcdatamodeld */ = {
			isa = XCVersionGroup;
			children = (
				524F983F2563084F0026ECFC /* _win.xcdatamodel */,
			);
			currentVersion = 524F983F2563084F0026ECFC /* _win.xcdatamodel */;
			path = _win.xcdatamodeld;
			sourceTree = "<group>";
			versionGroupType = wrapper.xcdatamodel;
		};
/* End XCVersionGroup section */
	};
	rootObject = 524F98282563084E0026ECFC /* Project object */;
}
